
Microsoft Visual Studio Solution File, Format Version 12.00
# Visual Studio 15
Project("{FAE04EC0-301F-11D3-BF4B-00C04F79EFBC}") = "IEP", "IEP\IEP.csproj", "{65E5EF2E-0CBB-4BC7-8E96-913EEEE65389}"
EndProject
Global
	GlobalSection(SolutionConfigurationPlatforms) = preSolution
		Debug|anycpu = Debug|anycpu
		Release|anycpu = Release|anycpu
	EndGlobalSection
	GlobalSection(ProjectConfigurationPlatforms) = postSolution
		{65E5EF2E-0CBB-4BC7-8E96-913EEEE65389}.Debug|anycpu.ActiveCfg = Debug|anycpu
		{65E5EF2E-0CBB-4BC7-8E96-913EEEE65389}.Debug|anycpu.Build.0 = Debug|anycpu
		{65E5EF2E-0CBB-4BC7-8E96-913EEEE65389}.Release|anycpu.ActiveCfg = Release|anycpu
		{65E5EF2E-0CBB-4BC7-8E96-913EEEE65389}.Release|anycpu.Build.0 = Release|anycpu
	EndGlobalSection
EndGlobal
